{
    "_readme": [
        "This file locks the dependencies of your project to a known state",
        "Read more about it at https://getcomposer.org/doc/01-basic-usage.md#composer-lock-the-lock-file",
        "This file is @generated automatically"
    ],
    "content-hash": "1bd4bc71f0477c7869a3d0fc9d532709",
    "packages": [
        {
            "name": "directus/collection",
            "version": "dev-version/6.4",
            "source": {
                "type": "git",
                "url": "https://github.com/directus/directus-collection.git",
                "reference": "9211a9bb44a0d21eaecec897e7bfc146dbf05254"
            },
            "dist": {
                "type": "zip",
                "url": "https://api.github.com/repos/directus/directus-collection/zipball/9211a9bb44a0d21eaecec897e7bfc146dbf05254",
                "reference": "9211a9bb44a0d21eaecec897e7bfc146dbf05254",
                "shasum": ""
            },
            "require": {
                "php": ">=5.4.0"
            },
            "type": "library",
            "extra": {
                "branch-alias": {
                    "dev-version/6.4": "0.9.x-dev"
                }
            },
            "autoload": {
                "psr-4": {
                    "Directus\\Collection\\": ""
                }
            },
            "notification-url": "https://packagist.org/downloads/",
            "license": [
                "MIT"
            ],
            "description": "Directus Collection Library",
            "keywords": [
                "collection",
                "directus"
            ],
            "time": "2016-12-26 09:16:26"
        },
        {
            "name": "directus/database",
            "version": "0.1.3",
            "source": {
                "type": "git",
                "url": "https://github.com/directus/directus-database.git",
                "reference": "275d946308456d3009b46fa9746b34858406b736"
            },
            "dist": {
                "type": "zip",
                "url": "https://api.github.com/repos/directus/directus-database/zipball/275d946308456d3009b46fa9746b34858406b736",
                "reference": "275d946308456d3009b46fa9746b34858406b736",
                "shasum": ""
            },
            "require": {
                "directus/collection": "0.9.*@dev",
                "php": ">=5.5.0",
                "zendframework/zend-db": "dev-directus"
            },
            "require-dev": {
                "phpunit/phpunit": "~3.7.0"
            },
            "type": "library",
            "extra": {
                "branch-alias": {
                    "dev-version/6.4": "0.9.x-dev"
                }
            },
            "autoload": {
                "psr-4": {
                    "Directus\\Database\\": ""
                },
                "files": [
                    "functions.php"
                ]
            },
            "notification-url": "https://packagist.org/downloads/",
            "license": [
                "MIT"
            ],
            "description": "Directus Database Component",
            "keywords": [
                "database",
                "directus"
            ],
            "time": "2017-03-01T22:06:32+00:00"
        },
        {
            "name": "directus/migrations",
            "version": "dev-master",
            "source": {
                "type": "git",
                "url": "https://github.com/WellingGuzman/Migrations.git",
                "reference": "3f0f3a1eb7739b2d903dea8d53ca2d294edc654b"
            },
            "dist": {
                "type": "zip",
                "url": "https://api.github.com/repos/WellingGuzman/Migrations/zipball/3f0f3a1eb7739b2d903dea8d53ca2d294edc654b",
                "reference": "3f0f3a1eb7739b2d903dea8d53ca2d294edc654b",
                "shasum": ""
            },
            "require": {
                "php": ">=5.3.0"
            },
            "require-dev": {
                "phpunit/phpunit": "3.7.*"
            },
            "bin": [
                "ruckus.php"
            ],
            "type": "library",
            "autoload": {
                "psr-0": {
                    "Ruckusing": "lib/",
                    "Task": "lib/"
                }
            },
            "notification-url": "https://packagist.org/downloads/",
            "license": [
                "MIT"
            ],
            "authors": [
                {
                    "name": "Cody Caughlan",
                    "email": "codycaughlan@gmail.com",
                    "homepage": "https://github.com/ruckus/ruckusing-migrations/wiki",
                    "role": "Original Developer"
                },
                {
                    "name": "Welling Guzman",
                    "email": "hola@wellingguzman.com",
                    "homepage": "https://github.com/wellingguzman/migrations"
                }
            ],
            "description": "Framework for generating and managing database migrations",
            "homepage": "https://github.com/wellingguzman/migrations",
            "time": "2016-07-28 18:37:42"
        },
        {
            "name": "directus/permissions",
            "version": "dev-d64",
            "source": {
                "type": "git",
                "url": "https://github.com/directus/directus-permissions.git",
                "reference": "ede89b9221820c54e538780c73f82d5eb0dd2d3b"
            },
            "dist": {
                "type": "zip",
                "url": "https://api.github.com/repos/directus/directus-permissions/zipball/ede89b9221820c54e538780c73f82d5eb0dd2d3b",
                "reference": "ede89b9221820c54e538780c73f82d5eb0dd2d3b",
                "shasum": ""
            },
            "require": {
                "php": ">=5.4.0"
            },
            "type": "library",
            "extra": {
                "branch-alias": {
                    "dev-d64": "0.9.x-dev"
                }
            },
            "autoload": {
                "psr-4": {
                    "Directus\\Permissions\\": ""
                }
            },
            "notification-url": "https://packagist.org/downloads/",
            "license": [
                "MIT"
            ],
            "description": "Directus Permissions (ACL) Library",
            "keywords": [
                "acl",
                "directus",
                "permissions"
            ],
            "time": "2016-11-16 19:14:18"
        },
        {
            "name": "league/flysystem",
            "version": "dev-master",
            "source": {
                "type": "git",
                "url": "https://github.com/thephpleague/flysystem.git",
                "reference": "4ba6e13f5116204b21c3afdf400ecf2b9eb1c482"
            },
            "dist": {
                "type": "zip",
                "url": "https://api.github.com/repos/thephpleague/flysystem/zipball/4ba6e13f5116204b21c3afdf400ecf2b9eb1c482",
                "reference": "4ba6e13f5116204b21c3afdf400ecf2b9eb1c482",
                "shasum": ""
            },
            "require": {
                "php": ">=5.5.9"
            },
            "conflict": {
                "league/flysystem-sftp": "<1.0.6"
            },
            "require-dev": {
                "ext-fileinfo": "*",
                "mockery/mockery": "~0.9",
                "phpspec/phpspec": "^2.2",
                "phpunit/phpunit": "~4.8"
            },
            "suggest": {
                "ext-fileinfo": "Required for MimeType",
                "league/flysystem-aws-s3-v2": "Allows you to use S3 storage with AWS SDK v2",
                "league/flysystem-aws-s3-v3": "Allows you to use S3 storage with AWS SDK v3",
                "league/flysystem-azure": "Allows you to use Windows Azure Blob storage",
                "league/flysystem-cached-adapter": "Flysystem adapter decorator for metadata caching",
                "league/flysystem-copy": "Allows you to use Copy.com storage",
                "league/flysystem-eventable-filesystem": "Allows you to use EventableFilesystem",
                "league/flysystem-rackspace": "Allows you to use Rackspace Cloud Files",
                "league/flysystem-sftp": "Allows you to use SFTP server storage via phpseclib",
                "league/flysystem-webdav": "Allows you to use WebDAV storage",
                "league/flysystem-ziparchive": "Allows you to use ZipArchive adapter",
                "spatie/flysystem-dropbox": "Allows you to use Dropbox storage"
            },
            "type": "library",
            "extra": {
                "branch-alias": {
                    "dev-master": "1.1-dev"
                }
            },
            "autoload": {
                "psr-4": {
                    "League\\Flysystem\\": "src/"
                }
            },
            "notification-url": "https://packagist.org/downloads/",
            "license": [
                "MIT"
            ],
            "authors": [
                {
                    "name": "Frank de Jonge",
                    "email": "info@frenky.net"
                }
            ],
            "description": "Filesystem abstraction: Many filesystems, one API.",
            "keywords": [
                "Cloud Files",
                "WebDAV",
                "abstraction",
                "aws",
                "cloud",
                "copy.com",
                "dropbox",
                "file systems",
                "files",
                "filesystem",
                "filesystems",
                "ftp",
                "rackspace",
                "remote",
                "s3",
                "sftp",
                "storage"
            ],
            "time": "2017-04-22 18:59:19"
        },
        {
            "name": "slim/extras",
            "version": "dev-master",
            "target-dir": "Slim/Extras",
            "source": {
                "type": "git",
                "url": "https://github.com/WellingGuzman/Slim-Extras.git",
                "reference": "06ecb8d5bf49f44a9c01b470264265683f582227"
            },
            "require": {
                "php": ">=5.3.0",
                "slim/slim": ">=2.0.0"
            },
            "type": "library",
            "autoload": {
                "psr-0": {
                    "Twig_Extensions_": "Views/Extension/",
                    "Slim\\Extras": "."
                }
            },
            "license": [
                "MIT"
            ],
            "authors": [
                {
                    "name": "Josh Lockhart",
                    "email": "info@joshlockhart.com",
                    "homepage": "http://www.joshlockhart.com/"
                },
                {
                    "name": "Andrew Smith",
                    "email": "a.smith@silentworks.co.uk"
                }
            ],
            "description": "Extras package for the Slim Framework",
            "homepage": "http://github.com/codeguy/Slim-Extras",
            "keywords": [
                "extensions",
                "middleware",
                "templating"
            ],
            "time": "2017-04-23 00:33:13"
        },
        {
            "name": "slim/slim",
            "version": "2.6.2",
            "source": {
                "type": "git",
                "url": "https://github.com/slimphp/Slim.git",
                "reference": "20a02782f76830b67ae56a5c08eb1f563c351a37"
            },
            "dist": {
                "type": "zip",
                "url": "https://api.github.com/repos/slimphp/Slim/zipball/20a02782f76830b67ae56a5c08eb1f563c351a37",
                "reference": "20a02782f76830b67ae56a5c08eb1f563c351a37",
                "shasum": ""
            },
            "require": {
                "php": ">=5.3.0"
            },
            "suggest": {
                "ext-mcrypt": "Required for HTTP cookie encryption"
            },
            "type": "library",
            "autoload": {
                "psr-0": {
                    "Slim": "."
                }
            },
            "notification-url": "https://packagist.org/downloads/",
            "license": [
                "MIT"
            ],
            "authors": [
                {
                    "name": "Josh Lockhart",
                    "email": "info@joshlockhart.com",
                    "homepage": "http://www.joshlockhart.com/"
                }
            ],
            "description": "Slim Framework, a PHP micro framework",
            "homepage": "http://github.com/codeguy/Slim",
            "keywords": [
                "microframework",
                "rest",
                "router"
            ],
            "time": "2015-03-08T18:41:17+00:00"
        },
        {
            "name": "swiftmailer/swiftmailer",
            "version": "5.x-dev",
            "source": {
                "type": "git",
                "url": "https://github.com/swiftmailer/swiftmailer.git",
                "reference": "160bb599e0a7525a252638cc5a8a0ebabe63ae00"
            },
            "dist": {
                "type": "zip",
                "url": "https://api.github.com/repos/swiftmailer/swiftmailer/zipball/160bb599e0a7525a252638cc5a8a0ebabe63ae00",
                "reference": "160bb599e0a7525a252638cc5a8a0ebabe63ae00",
                "shasum": ""
            },
            "require": {
                "php": ">=5.3.3"
            },
            "require-dev": {
                "mockery/mockery": "~0.9.1",
                "symfony/phpunit-bridge": "~3.2"
            },
            "type": "library",
            "extra": {
                "branch-alias": {
                    "dev-master": "5.4-dev"
                }
            },
            "autoload": {
                "files": [
                    "lib/swift_required.php"
                ]
            },
            "notification-url": "https://packagist.org/downloads/",
            "license": [
                "MIT"
            ],
            "authors": [
                {
                    "name": "Chris Corbyn"
                },
                {
                    "name": "Fabien Potencier",
                    "email": "fabien@symfony.com"
                }
            ],
            "description": "Swiftmailer, free feature-rich PHP mailer",
            "homepage": "http://swiftmailer.org",
            "keywords": [
                "email",
                "mail",
                "mailer"
            ],
            "time": "2017-04-20 17:32:49"
        },
        {
            "name": "twig/twig",
            "version": "1.x-dev",
            "source": {
                "type": "git",
                "url": "https://github.com/twigphp/Twig.git",
                "reference": "ef680be80ef9e4f785f3f51c86bfaca8d991e801"
            },
            "dist": {
                "type": "zip",
                "url": "https://api.github.com/repos/twigphp/Twig/zipball/ef680be80ef9e4f785f3f51c86bfaca8d991e801",
                "reference": "ef680be80ef9e4f785f3f51c86bfaca8d991e801",
                "shasum": ""
            },
            "require": {
                "php": ">=5.2.7"
            },
            "require-dev": {
                "psr/container": "^1.0",
                "symfony/debug": "~2.7",
                "symfony/phpunit-bridge": "~3.3@dev"
            },
            "type": "library",
            "extra": {
                "branch-alias": {
                    "dev-master": "1.33-dev"
                }
            },
            "autoload": {
                "psr-0": {
                    "Twig_": "lib/"
                }
            },
            "notification-url": "https://packagist.org/downloads/",
            "license": [
                "BSD-3-Clause"
            ],
            "authors": [
                {
                    "name": "Fabien Potencier",
                    "email": "fabien@symfony.com",
                    "homepage": "http://fabien.potencier.org",
                    "role": "Lead Developer"
                },
                {
                    "name": "Armin Ronacher",
                    "email": "armin.ronacher@active-4.com",
                    "role": "Project Founder"
                },
                {
                    "name": "Twig Team",
                    "homepage": "http://twig.sensiolabs.org/contributors",
                    "role": "Contributors"
                }
            ],
            "description": "Twig, the flexible, fast, and secure template language for PHP",
            "homepage": "http://twig.sensiolabs.org",
            "keywords": [
                "templating"
            ],
            "time": "2017-04-20 17:41:13"
        },
        {
            "name": "zendframework/zend-db",
            "version": "dev-directus",
            "source": {
                "type": "git",
                "url": "https://github.com/wellingguzman/zend-db",
                "reference": "38cd41381462eaacff6dccc0ec0597962b2be1d8"
            },
            "require": {
                "php": "^5.5 || ^7.0",
                "zendframework/zend-stdlib": "^2.7 || ^3.0"
            },
            "require-dev": {
                "fabpot/php-cs-fixer": "1.7.*",
                "phpunit/phpunit": "~4.0",
                "zendframework/zend-eventmanager": "^2.6.2 || ^3.0",
                "zendframework/zend-hydrator": "^1.1 || ^2.1",
                "zendframework/zend-servicemanager": "^2.7.5 || ^3.0.3"
            },
            "suggest": {
                "zendframework/zend-eventmanager": "Zend\\EventManager component",
                "zendframework/zend-hydrator": "Zend\\Hydrator component for using HydratingResultSets",
                "zendframework/zend-servicemanager": "Zend\\ServiceManager component"
            },
            "type": "library",
            "extra": {
                "branch-alias": {
                    "dev-master": "2.8-dev",
                    "dev-develop": "2.9-dev"
                },
                "zf": {
                    "component": "Zend\\Db",
                    "config-provider": "Zend\\Db\\ConfigProvider"
                }
            },
            "autoload": {
                "psr-4": {
                    "Zend\\Db\\": "src/"
                }
            },
            "autoload-dev": {
                "psr-4": {
                    "ZendTest\\Db\\": "test/"
                }
            },
            "license": [
                "BSD-3-Clause"
            ],
            "description": " ",
            "homepage": "https://github.com/zendframework/zend-db",
            "keywords": [
                "db",
                "zf2"
            ],
            "time": "2017-01-20 19:34:42"
        },
        {
            "name": "zendframework/zend-stdlib",
            "version": "dev-develop",
            "source": {
                "type": "git",
                "url": "https://github.com/zendframework/zend-stdlib.git",
                "reference": "16818ed8ee2a92a503c43883dcb6263fe6283ee8"
            },
            "dist": {
                "type": "zip",
                "url": "https://api.github.com/repos/zendframework/zend-stdlib/zipball/16818ed8ee2a92a503c43883dcb6263fe6283ee8",
                "reference": "16818ed8ee2a92a503c43883dcb6263fe6283ee8",
                "shasum": ""
            },
            "require": {
                "php": "^5.6 || ^7.0"
            },
            "require-dev": {
                "athletic/athletic": "~0.1",
                "phpunit/phpunit": "~4.0",
                "squizlabs/php_codesniffer": "^2.6.2"
            },
            "type": "library",
            "extra": {
                "branch-alias": {
                    "dev-master": "3.1-dev",
                    "dev-develop": "3.2-dev"
                }
            },
            "autoload": {
                "psr-4": {
                    "Zend\\Stdlib\\": "src/"
                }
            },
            "notification-url": "https://packagist.org/downloads/",
            "license": [
                "BSD-3-Clause"
            ],
            "homepage": "https://github.com/zendframework/zend-stdlib",
            "keywords": [
                "stdlib",
                "zf2"
            ],
            "time": "2016-09-13 14:40:02"
        }
    ],
    "packages-dev": [
        {
            "name": "phpunit/php-code-coverage",
            "version": "1.2.x-dev",
            "source": {
                "type": "git",
                "url": "https://github.com/sebastianbergmann/php-code-coverage.git",
                "reference": "fe2466802556d3fe4e4d1d58ffd3ccfd0a19be0b"
            },
            "dist": {
                "type": "zip",
                "url": "https://api.github.com/repos/sebastianbergmann/php-code-coverage/zipball/fe2466802556d3fe4e4d1d58ffd3ccfd0a19be0b",
                "reference": "fe2466802556d3fe4e4d1d58ffd3ccfd0a19be0b",
                "shasum": ""
            },
            "require": {
                "php": ">=5.3.3",
                "phpunit/php-file-iterator": ">=1.3.0@stable",
                "phpunit/php-text-template": ">=1.2.0@stable",
                "phpunit/php-token-stream": ">=1.1.3,<1.3.0"
            },
            "require-dev": {
                "phpunit/phpunit": "3.7.*@dev"
            },
            "suggest": {
                "ext-dom": "*",
                "ext-xdebug": ">=2.0.5"
            },
            "type": "library",
            "extra": {
                "branch-alias": {
                    "dev-master": "1.2.x-dev"
                }
            },
            "autoload": {
                "classmap": [
                    "PHP/"
                ]
            },
            "notification-url": "https://packagist.org/downloads/",
            "include-path": [
                ""
            ],
            "license": [
                "BSD-3-Clause"
            ],
            "authors": [
                {
                    "name": "Sebastian Bergmann",
                    "email": "sb@sebastian-bergmann.de",
                    "role": "lead"
                }
            ],
            "description": "Library that provides collection, processing, and rendering functionality for PHP code coverage information.",
            "homepage": "https://github.com/sebastianbergmann/php-code-coverage",
            "keywords": [
                "coverage",
                "testing",
                "xunit"
            ],
            "time": "2014-09-02T10:13:14+00:00"
        },
        {
            "name": "phpunit/php-file-iterator",
            "version": "dev-master",
            "source": {
                "type": "git",
                "url": "https://github.com/sebastianbergmann/php-file-iterator.git",
                "reference": "3cc8f69b3028d0f96a9078e6295d86e9bf019be5"
            },
            "dist": {
                "type": "zip",
                "url": "https://api.github.com/repos/sebastianbergmann/php-file-iterator/zipball/3cc8f69b3028d0f96a9078e6295d86e9bf019be5",
                "reference": "3cc8f69b3028d0f96a9078e6295d86e9bf019be5",
                "shasum": ""
            },
            "require": {
                "php": ">=5.3.3"
            },
            "type": "library",
            "extra": {
                "branch-alias": {
                    "dev-master": "1.4.x-dev"
                }
            },
            "autoload": {
                "classmap": [
                    "src/"
                ]
            },
            "notification-url": "https://packagist.org/downloads/",
            "license": [
                "BSD-3-Clause"
            ],
            "authors": [
                {
                    "name": "Sebastian Bergmann",
                    "email": "sb@sebastian-bergmann.de",
                    "role": "lead"
                }
            ],
            "description": "FilterIterator implementation that filters files based on a list of suffixes.",
            "homepage": "https://github.com/sebastianbergmann/php-file-iterator/",
            "keywords": [
                "filesystem",
                "iterator"
            ],
            "time": "2016-10-03T07:40:28+00:00"
        },
        {
            "name": "phpunit/php-text-template",
            "version": "1.2.1",
            "source": {
                "type": "git",
                "url": "https://github.com/sebastianbergmann/php-text-template.git",
                "reference": "31f8b717e51d9a2afca6c9f046f5d69fc27c8686"
            },
            "dist": {
                "type": "zip",
                "url": "https://api.github.com/repos/sebastianbergmann/php-text-template/zipball/31f8b717e51d9a2afca6c9f046f5d69fc27c8686",
                "reference": "31f8b717e51d9a2afca6c9f046f5d69fc27c8686",
                "shasum": ""
            },
            "require": {
                "php": ">=5.3.3"
            },
            "type": "library",
            "autoload": {
                "classmap": [
                    "src/"
                ]
            },
            "notification-url": "https://packagist.org/downloads/",
            "license": [
                "BSD-3-Clause"
            ],
            "authors": [
                {
                    "name": "Sebastian Bergmann",
                    "email": "sebastian@phpunit.de",
                    "role": "lead"
                }
            ],
            "description": "Simple template engine.",
            "homepage": "https://github.com/sebastianbergmann/php-text-template/",
            "keywords": [
                "template"
            ],
            "time": "2015-06-21T13:50:34+00:00"
        },
        {
            "name": "phpunit/php-timer",
            "version": "dev-master",
            "source": {
                "type": "git",
                "url": "https://github.com/sebastianbergmann/php-timer.git",
                "reference": "d107f347d368dd8a384601398280c7c608390ab7"
            },
            "dist": {
                "type": "zip",
                "url": "https://api.github.com/repos/sebastianbergmann/php-timer/zipball/d107f347d368dd8a384601398280c7c608390ab7",
                "reference": "d107f347d368dd8a384601398280c7c608390ab7",
                "shasum": ""
            },
            "require": {
                "php": "^5.3.3 || ^7.0"
            },
            "require-dev": {
                "phpunit/phpunit": "^4.8.35 || ^5.7 || ^6.0"
            },
            "type": "library",
            "extra": {
                "branch-alias": {
                    "dev-master": "1.0-dev"
                }
            },
            "autoload": {
                "classmap": [
                    "src/"
                ]
            },
            "notification-url": "https://packagist.org/downloads/",
            "license": [
                "BSD-3-Clause"
            ],
            "authors": [
                {
                    "name": "Sebastian Bergmann",
                    "email": "sb@sebastian-bergmann.de",
                    "role": "lead"
                }
            ],
            "description": "Utility class for timing",
            "homepage": "https://github.com/sebastianbergmann/php-timer/",
            "keywords": [
                "timer"
            ],
            "time": "2017-03-07T15:42:04+00:00"
        },
        {
            "name": "phpunit/php-token-stream",
            "version": "1.2.2",
            "source": {
                "type": "git",
                "url": "https://github.com/sebastianbergmann/php-token-stream.git",
                "reference": "ad4e1e23ae01b483c16f600ff1bebec184588e32"
            },
            "dist": {
                "type": "zip",
                "url": "https://api.github.com/repos/sebastianbergmann/php-token-stream/zipball/ad4e1e23ae01b483c16f600ff1bebec184588e32",
                "reference": "ad4e1e23ae01b483c16f600ff1bebec184588e32",
                "shasum": ""
            },
            "require": {
                "ext-tokenizer": "*",
                "php": ">=5.3.3"
            },
            "type": "library",
            "extra": {
                "branch-alias": {
                    "dev-master": "1.2-dev"
                }
            },
            "autoload": {
                "classmap": [
                    "PHP/"
                ]
            },
            "notification-url": "https://packagist.org/downloads/",
            "include-path": [
                ""
            ],
            "license": [
                "BSD-3-Clause"
            ],
            "authors": [
                {
                    "name": "Sebastian Bergmann",
                    "email": "sb@sebastian-bergmann.de",
                    "role": "lead"
                }
            ],
            "description": "Wrapper around PHP's tokenizer extension.",
            "homepage": "https://github.com/sebastianbergmann/php-token-stream/",
            "keywords": [
                "tokenizer"
            ],
            "time": "2014-03-03T05:10:30+00:00"
        },
        {
            "name": "phpunit/phpunit",
            "version": "3.7.x-dev",
            "source": {
                "type": "git",
                "url": "https://github.com/sebastianbergmann/phpunit.git",
                "reference": "38709dc22d519a3d1be46849868aa2ddf822bcf6"
            },
            "dist": {
                "type": "zip",
                "url": "https://api.github.com/repos/sebastianbergmann/phpunit/zipball/38709dc22d519a3d1be46849868aa2ddf822bcf6",
                "reference": "38709dc22d519a3d1be46849868aa2ddf822bcf6",
                "shasum": ""
            },
            "require": {
                "ext-ctype": "*",
                "ext-dom": "*",
                "ext-json": "*",
                "ext-pcre": "*",
                "ext-reflection": "*",
                "ext-spl": "*",
                "php": ">=5.3.3",
                "phpunit/php-code-coverage": "~1.2",
                "phpunit/php-file-iterator": "~1.3",
                "phpunit/php-text-template": "~1.1",
                "phpunit/php-timer": "~1.0",
                "phpunit/phpunit-mock-objects": "~1.2",
                "symfony/yaml": "~2.0"
            },
            "require-dev": {
                "pear-pear.php.net/pear": "1.9.4"
            },
            "suggest": {
                "phpunit/php-invoker": "~1.1"
            },
            "bin": [
                "composer/bin/phpunit"
            ],
            "type": "library",
            "extra": {
                "branch-alias": {
                    "dev-master": "3.7.x-dev"
                }
            },
            "autoload": {
                "classmap": [
                    "PHPUnit/"
                ]
            },
            "notification-url": "https://packagist.org/downloads/",
            "include-path": [
                "",
                "../../symfony/yaml/"
            ],
            "license": [
                "BSD-3-Clause"
            ],
            "authors": [
                {
                    "name": "Sebastian Bergmann",
                    "email": "sebastian@phpunit.de",
                    "role": "lead"
                }
            ],
            "description": "The PHP Unit Testing framework.",
            "homepage": "http://www.phpunit.de/",
            "keywords": [
                "phpunit",
                "testing",
                "xunit"
            ],
            "time": "2014-10-17T09:04:17+00:00"
        },
        {
            "name": "phpunit/phpunit-mock-objects",
            "version": "1.2.x-dev",
            "source": {
                "type": "git",
                "url": "https://github.com/sebastianbergmann/phpunit-mock-objects.git",
                "reference": "c39c4511c3b007539eb170c32cbc2af49a07351a"
            },
            "dist": {
                "type": "zip",
                "url": "https://api.github.com/repos/sebastianbergmann/phpunit-mock-objects/zipball/c39c4511c3b007539eb170c32cbc2af49a07351a",
                "reference": "c39c4511c3b007539eb170c32cbc2af49a07351a",
                "shasum": ""
            },
            "require": {
                "php": ">=5.3.3",
                "phpunit/php-text-template": ">=1.1.1@stable"
            },
            "require-dev": {
                "phpunit/phpunit": "3.7.*@dev"
            },
            "suggest": {
                "ext-soap": "*"
            },
            "type": "library",
            "extra": {
                "branch-alias": {
                    "dev-master": "1.2.x-dev"
                }
            },
            "autoload": {
                "classmap": [
                    "PHPUnit/"
                ]
            },
            "notification-url": "https://packagist.org/downloads/",
            "include-path": [
                ""
            ],
            "license": [
                "BSD-3-Clause"
            ],
            "authors": [
                {
                    "name": "Sebastian Bergmann",
                    "email": "sb@sebastian-bergmann.de",
                    "role": "lead"
                }
            ],
            "description": "Mock Object library for PHPUnit",
            "homepage": "https://github.com/sebastianbergmann/phpunit-mock-objects/",
            "keywords": [
                "mock",
                "xunit"
            ],
            "time": "2014-02-16T12:43:56+00:00"
        },
        {
            "name": "symfony/yaml",
            "version": "2.8.x-dev",
            "source": {
                "type": "git",
                "url": "https://github.com/symfony/yaml.git",
                "reference": "bb0983445c0f474fd39c8babb26da4a4c5c4050a"
            },
            "dist": {
                "type": "zip",
                "url": "https://api.github.com/repos/symfony/yaml/zipball/bb0983445c0f474fd39c8babb26da4a4c5c4050a",
                "reference": "bb0983445c0f474fd39c8babb26da4a4c5c4050a",
                "shasum": ""
            },
            "require": {
                "php": ">=5.3.9"
            },
            "type": "library",
            "extra": {
                "branch-alias": {
                    "dev-master": "2.8-dev"
                }
            },
            "autoload": {
                "psr-4": {
                    "Symfony\\Component\\Yaml\\": ""
                },
                "exclude-from-classmap": [
                    "/Tests/"
                ]
            },
            "notification-url": "https://packagist.org/downloads/",
            "license": [
                "MIT"
            ],
            "authors": [
                {
                    "name": "Fabien Potencier",
                    "email": "fabien@symfony.com"
                },
                {
                    "name": "Symfony Community",
                    "homepage": "https://symfony.com/contributors"
                }
            ],
            "description": "Symfony Yaml Component",
            "homepage": "https://symfony.com",
            "time": "2017-04-12T14:07:15+00:00"
        }
    ],
    "aliases": [],
    "minimum-stability": "dev",
    "stability-flags": {
        "slim/extras": 20,
        "directus/migrations": 20,
        "directus/permissions": 20
    },
    "prefer-stable": false,
    "prefer-lowest": false,
    "platform": {
        "php": ">=5.5.0"
    },
    "platform-dev": []
}
