{
	"name": "@directus/drive",
	"version": "9.0.0-rc.51",
	"lockfileVersion": 2,
	"requires": true,
	"packages": {
		"": {
			"name": "@directus/drive",
			"version": "9.0.0-rc.51",
			"license": "MIT",
			"dependencies": {
				"fs-extra": "^9.0.0",
				"node-exceptions": "^4.0.1"
			},
			"devDependencies": {
				"npm-watch": "^0.9.0",
				"typescript": "^4.2.3"
			}
		},
		"node_modules/at-least-node": {
			"version": "1.0.0",
			"resolved": "https://registry.npmjs.org/at-least-node/-/at-least-node-1.0.0.tgz",
			"integrity": "sha512-+q/t7Ekv1EDY2l6Gda6LLiX14rU9TV20Wa3ofeQmwPFZbOMo9DXrLbOjFaaclkXKWidIaopwAObQDqwWtGUjqg==",
			"engines": {
				"node": ">= 4.0.0"
			}
		},
		"node_modules/fs-extra": {
			"version": "9.1.0",
			"resolved": "https://registry.npmjs.org/fs-extra/-/fs-extra-9.1.0.tgz",
			"integrity": "sha512-hcg3ZmepS30/7BSFqRvoo3DOMQu7IjqxO5nCDt+zM9XWjb33Wg7ziNT+Qvqbuc3+gWpzO02JubVyk2G4Zvo1OQ==",
			"dependencies": {
				"at-least-node": "^1.0.0",
				"graceful-fs": "^4.2.0",
				"jsonfile": "^6.0.1",
				"universalify": "^2.0.0"
			},
			"engines": {
				"node": ">=10"
			}
		},
		"node_modules/graceful-fs": {
			"version": "4.2.6",
			"resolved": "https://registry.npmjs.org/graceful-fs/-/graceful-fs-4.2.6.tgz",
			"integrity": "sha512-nTnJ528pbqxYanhpDYsi4Rd8MAeaBA67+RZ10CM1m3bTAVFEDcd5AuA4a6W5YkGZ1iNXHzZz8T6TBKLeBuNriQ=="
		},
		"node_modules/jsonfile": {
			"version": "6.1.0",
			"resolved": "https://registry.npmjs.org/jsonfile/-/jsonfile-6.1.0.tgz",
			"integrity": "sha512-5dgndWOriYSm5cnYaJNhalLNDKOqFwyDB/rr1E9ZsGciGvKPs8R2xYGCacuf3z6K1YKDz182fd+fY3cn3pMqXQ==",
			"dependencies": {
				"universalify": "^2.0.0"
			},
			"optionalDependencies": {
				"graceful-fs": "^4.1.6"
			}
		},
		"node_modules/node-exceptions": {
			"version": "4.0.1",
			"resolved": "https://registry.npmjs.org/node-exceptions/-/node-exceptions-4.0.1.tgz",
			"integrity": "sha512-KJI+FawYOv74x60H6+zrBPfO2vvp9m0pHZi6SH8BBBuc67Irv11DsqY4Le4EBFq1/T5aXFU3hkLrMgtW7RNXxA=="
		},
		"node_modules/npm-watch": {
			"version": "0.9.0",
			"integrity": "sha512-C5Rgh5+jvY33K1EH8Qjr1hfpH9Nhasc90QJ0W+JyKg2ogE0LOCZI4xirC8QmywW7XinyBpynwxlrN6aPfjc3Hw==",
			"dev": true,
			"dependencies": {
				"nodemon": "^2.0.7",
				"through2": "^4.0.2"
			},
			"bin": {
				"npm-watch": "cli.js"
			}
		},
		"node_modules/through2": {
			"version": "4.0.2",
			"integrity": "sha512-iOqSav00cVxEEICeD7TjLB1sueEL+81Wpzp2bY17uZjZN0pWZPuo4suZ/61VujxmqSGFfgOcNuTZ85QJwNZQpw==",
			"dev": true,
			"dependencies": {
				"readable-stream": "3"
			}
		},
		"node_modules/typescript": {
			"version": "4.2.3",
			"resolved": "https://registry.npmjs.org/typescript/-/typescript-4.2.3.tgz",
			"integrity": "sha512-qOcYwxaByStAWrBf4x0fibwZvMRG+r4cQoTjbPtUlrWjBHbmCAww1i448U0GJ+3cNNEtebDteo/cHOR3xJ4wEw==",
			"dev": true,
			"bin": {
				"tsc": "bin/tsc",
				"tsserver": "bin/tsserver"
			},
			"engines": {
				"node": ">=4.2.0"
			}
		},
		"node_modules/universalify": {
			"version": "2.0.0",
			"resolved": "https://registry.npmjs.org/universalify/-/universalify-2.0.0.tgz",
			"integrity": "sha512-hAZsKq7Yy11Zu1DE0OzWjw7nnLZmJZYTDZZyEFHZdUhV8FkH5MCfoU1XMaxXovpyW5nq5scPqq0ZDP9Zyl04oQ==",
			"engines": {
				"node": ">= 10.0.0"
			}
		}
	},
	"dependencies": {
		"at-least-node": {
			"version": "1.0.0",
			"resolved": "https://registry.npmjs.org/at-least-node/-/at-least-node-1.0.0.tgz",
			"integrity": "sha512-+q/t7Ekv1EDY2l6Gda6LLiX14rU9TV20Wa3ofeQmwPFZbOMo9DXrLbOjFaaclkXKWidIaopwAObQDqwWtGUjqg=="
		},
		"fs-extra": {
			"version": "9.1.0",
			"resolved": "https://registry.npmjs.org/fs-extra/-/fs-extra-9.1.0.tgz",
			"integrity": "sha512-hcg3ZmepS30/7BSFqRvoo3DOMQu7IjqxO5nCDt+zM9XWjb33Wg7ziNT+Qvqbuc3+gWpzO02JubVyk2G4Zvo1OQ==",
			"requires": {
				"at-least-node": "^1.0.0",
				"graceful-fs": "^4.2.0",
				"jsonfile": "^6.0.1",
				"universalify": "^2.0.0"
			}
		},
		"graceful-fs": {
			"version": "4.2.6",
			"resolved": "https://registry.npmjs.org/graceful-fs/-/graceful-fs-4.2.6.tgz",
			"integrity": "sha512-nTnJ528pbqxYanhpDYsi4Rd8MAeaBA67+RZ10CM1m3bTAVFEDcd5AuA4a6W5YkGZ1iNXHzZz8T6TBKLeBuNriQ=="
		},
		"jsonfile": {
			"version": "6.1.0",
			"resolved": "https://registry.npmjs.org/jsonfile/-/jsonfile-6.1.0.tgz",
			"integrity": "sha512-5dgndWOriYSm5cnYaJNhalLNDKOqFwyDB/rr1E9ZsGciGvKPs8R2xYGCacuf3z6K1YKDz182fd+fY3cn3pMqXQ==",
			"requires": {
				"graceful-fs": "^4.1.6",
				"universalify": "^2.0.0"
			}
		},
		"node-exceptions": {
			"version": "4.0.1",
			"resolved": "https://registry.npmjs.org/node-exceptions/-/node-exceptions-4.0.1.tgz",
			"integrity": "sha512-KJI+FawYOv74x60H6+zrBPfO2vvp9m0pHZi6SH8BBBuc67Irv11DsqY4Le4EBFq1/T5aXFU3hkLrMgtW7RNXxA=="
		},
		"npm-watch": {
			"version": "0.9.0",
			"dev": true,
			"requires": {
				"nodemon": "^2.0.7",
				"through2": "^4.0.2"
			}
		},
		"through2": {
			"version": "4.0.2",
			"dev": true,
			"requires": {
				"readable-stream": "3"
			}
		},
		"typescript": {
			"version": "4.2.3",
			"resolved": "https://registry.npmjs.org/typescript/-/typescript-4.2.3.tgz",
			"integrity": "sha512-qOcYwxaByStAWrBf4x0fibwZvMRG+r4cQoTjbPtUlrWjBHbmCAww1i448U0GJ+3cNNEtebDteo/cHOR3xJ4wEw==",
			"dev": true
		},
		"universalify": {
			"version": "2.0.0",
			"resolved": "https://registry.npmjs.org/universalify/-/universalify-2.0.0.tgz",
			"integrity": "sha512-hAZsKq7Yy11Zu1DE0OzWjw7nnLZmJZYTDZZyEFHZdUhV8FkH5MCfoU1XMaxXovpyW5nq5scPqq0ZDP9Zyl04oQ=="
		}
	}
}
