{
  "name": "docs",
  "lockfileVersion": 3,
  "requires": true,
  "packages": {
    "": {
      "dependencies": {
        "@directus/format-title": "^10.1.1",
        "@nuxt/content": "^2.12.1",
        "nuxt": "^3.11.2",
        "sass": "^1.74.1"
      }
    },
    "../node_modules/.pnpm/@nuxt+content@2.12.1_nuxt@3.11.2_vue@3.4.21/node_modules/@nuxt/content": {
      "version": "2.12.1",
      "license": "MIT",
      "dependencies": {
        "@nuxt/kit": "^3.10.3",
        "@nuxtjs/mdc": "^0.6.1",
        "@vueuse/core": "^10.9.0",
        "@vueuse/head": "^2.0.0",
        "@vueuse/nuxt": "^10.9.0",
        "consola": "^3.2.3",
        "defu": "^6.1.4",
        "destr": "^2.0.3",
        "json5": "^2.2.3",
        "knitwork": "^1.0.0",
        "listhen": "^1.7.2",
        "mdast-util-to-string": "^4.0.0",
        "mdurl": "^2.0.0",
        "micromark": "^4.0.0",
        "micromark-util-sanitize-uri": "^2.0.0",
        "micromark-util-types": "^2.0.0",
        "minisearch": "^6.3.0",
        "ohash": "^1.1.3",
        "pathe": "^1.1.2",
        "scule": "^1.3.0",
        "shiki": "^1.1.7",
        "slugify": "^1.6.6",
        "socket.io-client": "^4.7.4",
        "ufo": "^1.4.0",
        "unist-util-stringify-position": "^4.0.0",
        "unstorage": "^1.10.1",
        "ws": "^8.16.0"
      },
      "devDependencies": {
        "@nuxt/module-builder": "^0.5.5",
        "@nuxt/schema": "3.10.3",
        "@nuxt/test-utils": "3.11.0",
        "@nuxthq/studio": "^1.0.12",
        "@nuxtjs/eslint-config-typescript": "latest",
        "@nuxtjs/tailwindcss": "^6.11.4",
        "@types/ws": "^8.5.10",
        "c8": "^9.1.0",
        "csvtojson": "^2.0.10",
        "eslint": "^8.57.0",
        "globby": "^14.0.1",
        "husky": "^9.0.11",
        "jiti": "^1.21.0",
        "lint-staged": "^15.2.2",
        "nuxt": "3.10.3",
        "rehype-figure": "^1.0.1",
        "rehype-wrap-all": "^1.1.0",
        "release-it": "^17.1.1",
        "remark-oembed": "^1.2.2",
        "vitest": "^1.3.1",
        "vue-docgen-web-types": "^0.1.8"
      }
    },
    "../node_modules/.pnpm/nuxt@3.11.2_@unocss+reset@0.58.9_eslint@8.57.0_floating-vue@5.2.2_typescript@5.3.3_unocss@0.58.9_vite@5.2.8/node_modules/nuxt": {
      "version": "3.11.2",
      "license": "MIT",
      "dependencies": {
        "@nuxt/devalue": "^2.0.2",
        "@nuxt/devtools": "^1.1.5",
        "@nuxt/kit": "3.11.2",
        "@nuxt/schema": "3.11.2",
        "@nuxt/telemetry": "^2.5.3",
        "@nuxt/ui-templates": "^1.3.2",
        "@nuxt/vite-builder": "3.11.2",
        "@unhead/dom": "^1.9.4",
        "@unhead/ssr": "^1.9.4",
        "@unhead/vue": "^1.9.4",
        "@vue/shared": "^3.4.21",
        "acorn": "8.11.3",
        "c12": "^1.10.0",
        "chokidar": "^3.6.0",
        "cookie-es": "^1.1.0",
        "defu": "^6.1.4",
        "destr": "^2.0.3",
        "devalue": "^4.3.2",
        "esbuild": "^0.20.2",
        "escape-string-regexp": "^5.0.0",
        "estree-walker": "^3.0.3",
        "fs-extra": "^11.2.0",
        "globby": "^14.0.1",
        "h3": "^1.11.1",
        "hookable": "^5.5.3",
        "jiti": "^1.21.0",
        "klona": "^2.0.6",
        "knitwork": "^1.1.0",
        "magic-string": "^0.30.9",
        "mlly": "^1.6.1",
        "nitropack": "^2.9.6",
        "nuxi": "^3.11.1",
        "nypm": "^0.3.8",
        "ofetch": "^1.3.4",
        "ohash": "^1.1.3",
        "pathe": "^1.1.2",
        "perfect-debounce": "^1.0.0",
        "pkg-types": "^1.0.3",
        "radix3": "^1.1.2",
        "scule": "^1.3.0",
        "std-env": "^3.7.0",
        "strip-literal": "^2.1.0",
        "ufo": "^1.5.3",
        "ultrahtml": "^1.5.3",
        "uncrypto": "^0.1.3",
        "unctx": "^2.3.1",
        "unenv": "^1.9.0",
        "unimport": "^3.7.1",
        "unplugin": "^1.10.1",
        "unplugin-vue-router": "^0.7.0",
        "unstorage": "^1.10.2",
        "untyped": "^1.4.2",
        "vue": "^3.4.21",
        "vue-bundle-renderer": "^2.0.0",
        "vue-devtools-stub": "^0.1.0",
        "vue-router": "^4.3.0"
      },
      "bin": {
        "nuxi": "bin/nuxt.mjs",
        "nuxt": "bin/nuxt.mjs"
      },
      "devDependencies": {
        "@parcel/watcher": "2.4.1",
        "@types/estree": "1.0.5",
        "@types/fs-extra": "11.0.4",
        "@vitejs/plugin-vue": "5.0.4",
        "unbuild": "latest",
        "vite": "5.2.8",
        "vitest": "1.4.0"
      },
      "engines": {
        "node": "^14.18.0 || >=16.10.0"
      },
      "peerDependencies": {
        "@parcel/watcher": "^2.1.0",
        "@types/node": "^14.18.0 || >=16.10.0"
      },
      "peerDependenciesMeta": {
        "@parcel/watcher": {
          "optional": true
        },
        "@types/node": {
          "optional": true
        }
      }
    },
    "node_modules/@directus/format-title": {
      "version": "10.1.1",
      "resolved": "https://registry.npmjs.org/@directus/format-title/-/format-title-10.1.1.tgz",
      "integrity": "sha512-i3Jmw6dblgGt6CxguNkzdNbAp6Qv4qqDIitSZB+2CASOWI6ShVLHY6hORcsWZI0oe33n9jalzEuGBeOrCvTo4A==",
      "engines": {
        "node": ">=18"
      },
      "funding": {
        "url": "https://github.com/directus/directus?sponsor=1"
      }
    },
    "node_modules/@nuxt/content": {
      "resolved": "../node_modules/.pnpm/@nuxt+content@2.12.1_nuxt@3.11.2_vue@3.4.21/node_modules/@nuxt/content",
      "link": true
    },
    "node_modules/anymatch": {
      "version": "3.1.3",
      "resolved": "https://registry.npmjs.org/anymatch/-/anymatch-3.1.3.tgz",
      "integrity": "sha512-KMReFUr0B4t+D+OBkjR3KYqvocp2XaSzO55UcB6mgQMd3KbcE+mWTyvVV7D/zsdEbNnV6acZUutkiHQXvTr1Rw==",
      "dependencies": {
        "normalize-path": "^3.0.0",
        "picomatch": "^2.0.4"
      },
      "engines": {
        "node": ">= 8"
      }
    },
    "node_modules/binary-extensions": {
      "version": "2.3.0",
      "resolved": "https://registry.npmjs.org/binary-extensions/-/binary-extensions-2.3.0.tgz",
      "integrity": "sha512-Ceh+7ox5qe7LJuLHoY0feh3pHuUDHAcRUeyL2VYghZwfpkNIy/+8Ocg0a3UuSoYzavmylwuLWQOf3hl0jjMMIw==",
      "engines": {
        "node": ">=8"
      },
      "funding": {
        "url": "https://github.com/sponsors/sindresorhus"
      }
    },
    "node_modules/braces": {
      "version": "3.0.2",
      "resolved": "https://registry.npmjs.org/braces/-/braces-3.0.2.tgz",
      "integrity": "sha512-b8um+L1RzM3WDSzvhm6gIz1yfTbBt6YTlcEKAvsmqCZZFw46z626lVj9j1yEPW33H5H+lBQpZMP1k8l+78Ha0A==",
      "dependencies": {
        "fill-range": "^7.0.1"
      },
      "engines": {
        "node": ">=8"
      }
    },
    "node_modules/chokidar": {
      "version": "3.6.0",
      "resolved": "https://registry.npmjs.org/chokidar/-/chokidar-3.6.0.tgz",
      "integrity": "sha512-7VT13fmjotKpGipCW9JEQAusEPE+Ei8nl6/g4FBAmIm0GOOLMua9NDDo/DWp0ZAxCr3cPq5ZpBqmPAQgDda2Pw==",
      "dependencies": {
        "anymatch": "~3.1.2",
        "braces": "~3.0.2",
        "glob-parent": "~5.1.2",
        "is-binary-path": "~2.1.0",
        "is-glob": "~4.0.1",
        "normalize-path": "~3.0.0",
        "readdirp": "~3.6.0"
      },
      "engines": {
        "node": ">= 8.10.0"
      },
      "funding": {
        "url": "https://paulmillr.com/funding/"
      },
      "optionalDependencies": {
        "fsevents": "~2.3.2"
      }
    },
    "node_modules/fill-range": {
      "version": "7.0.1",
      "resolved": "https://registry.npmjs.org/fill-range/-/fill-range-7.0.1.tgz",
      "integrity": "sha512-qOo9F+dMUmC2Lcb4BbVvnKJxTPjCm+RRpe4gDuGrzkL7mEVl/djYSu2OdQ2Pa302N4oqkSg9ir6jaLWJ2USVpQ==",
      "dependencies": {
        "to-regex-range": "^5.0.1"
      },
      "engines": {
        "node": ">=8"
      }
    },
    "node_modules/fsevents": {
      "version": "2.3.3",
      "resolved": "https://registry.npmjs.org/fsevents/-/fsevents-2.3.3.tgz",
      "integrity": "sha512-5xoDfX+fL7faATnagmWPpbFtwh/R77WmMMqqHGS65C3vvB0YHrgF+B1YmZ3441tMj5n63k0212XNoJwzlhffQw==",
      "hasInstallScript": true,
      "optional": true,
      "os": [
        "darwin"
      ],
      "engines": {
        "node": "^8.16.0 || ^10.6.0 || >=11.0.0"
      }
    },
    "node_modules/glob-parent": {
      "version": "5.1.2",
      "resolved": "https://registry.npmjs.org/glob-parent/-/glob-parent-5.1.2.tgz",
      "integrity": "sha512-AOIgSQCepiJYwP3ARnGx+5VnTu2HBYdzbGP45eLw1vr3zB3vZLeyed1sC9hnbcOc9/SrMyM5RPQrkGz4aS9Zow==",
      "dependencies": {
        "is-glob": "^4.0.1"
      },
      "engines": {
        "node": ">= 6"
      }
    },
    "node_modules/immutable": {
      "version": "4.3.5",
      "resolved": "https://registry.npmjs.org/immutable/-/immutable-4.3.5.tgz",
      "integrity": "sha512-8eabxkth9gZatlwl5TBuJnCsoTADlL6ftEr7A4qgdaTsPyreilDSnUk57SO+jfKcNtxPa22U5KK6DSeAYhpBJw=="
    },
    "node_modules/is-binary-path": {
      "version": "2.1.0",
      "resolved": "https://registry.npmjs.org/is-binary-path/-/is-binary-path-2.1.0.tgz",
      "integrity": "sha512-ZMERYes6pDydyuGidse7OsHxtbI7WVeUEozgR/g7rd0xUimYNlvZRE/K2MgZTjWy725IfelLeVcEM97mmtRGXw==",
      "dependencies": {
        "binary-extensions": "^2.0.0"
      },
      "engines": {
        "node": ">=8"
      }
    },
    "node_modules/is-extglob": {
      "version": "2.1.1",
      "resolved": "https://registry.npmjs.org/is-extglob/-/is-extglob-2.1.1.tgz",
      "integrity": "sha512-SbKbANkN603Vi4jEZv49LeVJMn4yGwsbzZworEoyEiutsN3nJYdbO36zfhGJ6QEDpOZIFkDtnq5JRxmvl3jsoQ==",
      "engines": {
        "node": ">=0.10.0"
      }
    },
    "node_modules/is-glob": {
      "version": "4.0.3",
      "resolved": "https://registry.npmjs.org/is-glob/-/is-glob-4.0.3.tgz",
      "integrity": "sha512-xelSayHH36ZgE7ZWhli7pW34hNbNl8Ojv5KVmkJD4hBdD3th8Tfk9vYasLM+mXWOZhFkgZfxhLSnrwRr4elSSg==",
      "dependencies": {
        "is-extglob": "^2.1.1"
      },
      "engines": {
        "node": ">=0.10.0"
      }
    },
    "node_modules/is-number": {
      "version": "7.0.0",
      "resolved": "https://registry.npmjs.org/is-number/-/is-number-7.0.0.tgz",
      "integrity": "sha512-41Cifkg6e8TylSpdtTpeLVMqvSBEVzTttHvERD741+pnZ8ANv0004MRL43QKPDlK9cGvNp6NZWZUBlbGXYxxng==",
      "engines": {
        "node": ">=0.12.0"
      }
    },
    "node_modules/normalize-path": {
      "version": "3.0.0",
      "resolved": "https://registry.npmjs.org/normalize-path/-/normalize-path-3.0.0.tgz",
      "integrity": "sha512-6eZs5Ls3WtCisHWp9S2GUy8dqkpGi4BVSz3GaqiE6ezub0512ESztXUwUB6C6IKbQkY2Pnb/mD4WYojCRwcwLA==",
      "engines": {
        "node": ">=0.10.0"
      }
    },
    "node_modules/nuxt": {
      "resolved": "../node_modules/.pnpm/nuxt@3.11.2_@unocss+reset@0.58.9_eslint@8.57.0_floating-vue@5.2.2_typescript@5.3.3_unocss@0.58.9_vite@5.2.8/node_modules/nuxt",
      "link": true
    },
    "node_modules/picomatch": {
      "version": "2.3.1",
      "resolved": "https://registry.npmjs.org/picomatch/-/picomatch-2.3.1.tgz",
      "integrity": "sha512-JU3teHTNjmE2VCGFzuY8EXzCDVwEqB2a8fsIvwaStHhAWJEeVd1o1QD80CU6+ZdEXXSLbSsuLwJjkCBWqRQUVA==",
      "engines": {
        "node": ">=8.6"
      },
      "funding": {
        "url": "https://github.com/sponsors/jonschlinkert"
      }
    },
    "node_modules/readdirp": {
      "version": "3.6.0",
      "resolved": "https://registry.npmjs.org/readdirp/-/readdirp-3.6.0.tgz",
      "integrity": "sha512-hOS089on8RduqdbhvQ5Z37A0ESjsqz6qnRcffsMU3495FuTdqSm+7bhJ29JvIOsBDEEnan5DPu9t3To9VRlMzA==",
      "dependencies": {
        "picomatch": "^2.2.1"
      },
      "engines": {
        "node": ">=8.10.0"
      }
    },
    "node_modules/sass": {
      "version": "1.74.1",
      "resolved": "https://registry.npmjs.org/sass/-/sass-1.74.1.tgz",
      "integrity": "sha512-w0Z9p/rWZWelb88ISOLyvqTWGmtmu2QJICqDBGyNnfG4OUnPX9BBjjYIXUpXCMOOg5MQWNpqzt876la1fsTvUA==",
      "dependencies": {
        "chokidar": ">=3.0.0 <4.0.0",
        "immutable": "^4.0.0",
        "source-map-js": ">=0.6.2 <2.0.0"
      },
      "bin": {
        "sass": "sass.js"
      },
      "engines": {
        "node": ">=14.0.0"
      }
    },
    "node_modules/source-map-js": {
      "version": "1.2.0",
      "resolved": "https://registry.npmjs.org/source-map-js/-/source-map-js-1.2.0.tgz",
      "integrity": "sha512-itJW8lvSA0TXEphiRoawsCksnlf8SyvmFzIhltqAHluXd88pkCd+cXJVHTDwdCr0IzwptSm035IHQktUu1QUMg==",
      "engines": {
        "node": ">=0.10.0"
      }
    },
    "node_modules/to-regex-range": {
      "version": "5.0.1",
      "resolved": "https://registry.npmjs.org/to-regex-range/-/to-regex-range-5.0.1.tgz",
      "integrity": "sha512-65P7iz6X5yEr1cwcgvQxbbIw7Uk3gOy5dIdtZ4rDveLqhrdJP+Li/Hx6tyK0NEb+2GCyneCMJiGqrADCSNk8sQ==",
      "dependencies": {
        "is-number": "^7.0.0"
      },
      "engines": {
        "node": ">=8.0"
      }
    }
  }
}
